dependencies:
- name: postgresql
  repository: oci://registry-1.docker.io/bitnamicharts
  version: 18.8.16
- name: redis
  repository: oci://registry-1.docker.io/bitnamicharts
  version: 24.0.0
digest: sha256:ee7e6df4ac8f5d7628a71293116e152590a384986f1363930f30974e65ee7ae7
generated: "2026-09-03T14:45:11.410267336Z"
